PODS:
  - Flutter (1.0.0)
  - flutter_piano_audio_detection (0.0.1):
    - Flutter
    - TensorFlowLiteSwift
  - "permission_handler (5.1.0+2)":
    - Flutter
  - TensorFlowLiteC (2.5.0):
    - TensorFlowLiteC/Core (= 2.5.0)
  - TensorFlowLiteC/Core (2.5.0)
  - TensorFlowLiteSwift (2.5.0):
    - TensorFlowLiteSwift/Core (= 2.5.0)
  - TensorFlowLiteSwift/Core (2.5.0):
    - TensorFlowLiteC (= 2.5.0)

DEPENDENCIES:
  - Flutter (from `Flutter`)
  - flutter_piano_audio_detection (from `.symlinks/plugins/flutter_piano_audio_detection/ios`)
  - permission_handler (from `.symlinks/plugins/permission_handler/ios`)

SPEC REPOS:
  trunk:
    - TensorFlowLiteC
    - TensorFlowLiteSwift

EXTERNAL SOURCES:
  Flutter:
    :path: Flutter
  flutter_piano_audio_detection:
    :path: ".symlinks/plugins/flutter_piano_audio_detection/ios"
  permission_handler:
    :path: ".symlinks/plugins/permission_handler/ios"

SPEC CHECKSUMS:
  Flutter: 434fef37c0980e73bb6479ef766c45957d4b510c
  flutter_piano_audio_detection: 95784c23719507400a5f92f60b4a700f03472c71
  permission_handler: f1671c1163f814f99824ae20daeaafdd280fe9ae
  TensorFlowLiteC: 9115580176f050caa70fea478dba3d5a75c612a4
  TensorFlowLiteSwift: 50063271b9ba99202c4d96a969a518eee2b5807e

PODFILE CHECKSUM: 5b2faed4a80003f3c496af13de1c09cb35486d6d

COCOAPODS: 1.10.1
